# THIS IS AN AUTOGENERATED FILE. DO NOT EDIT THIS FILE DIRECTLY.
# yarn lockfile v1


"@antv/adjust@~0.1.1":
  version "0.1.1"
  resolved "https://registry.yarnpkg.com/@antv/adjust/-/adjust-0.1.1.tgz#e263ab0e1a1941a648842fc086cf65a7e3b75e98"
  integrity sha512-9FaMOyBlM4AgoRL0b5o0VhEKAYkexBNUrxV8XmpHU/9NBPJONBOB/NZUlQDqxtLItrt91tCfbAuMQmF529UX2Q==
  dependencies:
    "@antv/util" "~1.3.1"

"@antv/f2-canvas@^1.0.5":
  version "1.0.5"
  resolved "https://registry.yarnpkg.com/@antv/f2-canvas/-/f2-canvas-1.0.5.tgz#a3bc773690525e1a7b1620af1beb2de38970e568"
  integrity sha512-iE4u1kAcxGaluu1CA6F5R0/dfsCMhubEfOKvR6zRwGC9S9bCil0y6JNCsIkyPZGCQYkAtsg3WDlcu2yneyqUuw==
  dependencies:
    "@antv/wx-f2" "^1.1.4"

"@antv/f2@^3.3.3":
  version "3.8.9"
  resolved "https://registry.yarnpkg.com/@antv/f2/-/f2-3.8.9.tgz#8a5a2a896425729e569544a96ccedd25a1cb6add"
  integrity sha512-xLfv1XUu8LJhLT6BDJmHOU+h0WkQ30SuglmfK7Gv+RN6pbrXjnM9vIw8msAOuuR+Zr8u8mqEXDk3KCRlZl5Kkg==
  dependencies:
    "@antv/adjust" "~0.1.1"
    "@antv/scale" "~0.3.3"
    "@antv/util" "~2.0.6"
    "@babel/runtime" "^7.7.7"
    "@types/hammerjs" "^2.0.36"
    hammerjs "^2.0.8"
    type-fest "^0.15.1"

"@antv/gl-matrix@^2.7.1":
  version "2.7.1"
  resolved "https://registry.yarnpkg.com/@antv/gl-matrix/-/gl-matrix-2.7.1.tgz#acb8e37f7ab3df01345aba4372d7942be42eba14"
  integrity sha512-oOWcVNlpELIKi9x+Mm1Vwbz8pXfkbJKykoCIOJ/dNK79hSIANbpXJ5d3Rra9/wZqK6MC961B7sybFhPlLraT3Q==

"@antv/scale@~0.3.3":
  version "0.3.14"
  resolved "https://registry.yarnpkg.com/@antv/scale/-/scale-0.3.14.tgz#0718f8651368e5c98db5612065132a8c8bbcde48"
  integrity sha512-G19Mh9VYPX/Z5PXKJrORIYCjrA+Fmko6ZB4HN6Y8K0T9FeKaSJq+idIe7AUJhIIXDCrFk4LzW+t908NsORqxPg==
  dependencies:
    "@antv/util" "~2.0.3"
    fecha "~4.2.0"
    tslib "^2.0.0"

"@antv/util@~1.3.1":
  version "1.3.1"
  resolved "https://registry.yarnpkg.com/@antv/util/-/util-1.3.1.tgz#30a34b201ff9126ec0d58c72c8166a9c3e644ccd"
  integrity sha512-cbUta0hIJrKEaW3eKoGarz3Ita+9qUPF2YzTj8A6wds/nNiy20G26ztIWHU+5ThLc13B1n5Ik52LbaCaeg9enA==
  dependencies:
    "@antv/gl-matrix" "^2.7.1"

"@antv/util@~2.0.3", "@antv/util@~2.0.6":
  version "2.0.17"
  resolved "https://registry.yarnpkg.com/@antv/util/-/util-2.0.17.tgz#e8ef42aca7892815b229269f3dd10c6b3c7597a9"
  integrity sha512-o6I9hi5CIUvLGDhth0RxNSFDRwXeywmt6ExR4+RmVAzIi48ps6HUy+svxOCayvrPBN37uE6TAc2KDofRo0nK9Q==
  dependencies:
    csstype "^3.0.8"
    tslib "^2.0.3"

"@antv/wx-f2@^1.1.4":
  version "1.1.4"
  resolved "https://registry.yarnpkg.com/@antv/wx-f2/-/wx-f2-1.1.4.tgz#707df3e6862214720392f10e285fdcb183787ab6"
  integrity sha512-XaMUwS16ONcpHIEK4yv6wOIxrwSqzhLx4di2kmumQI8xi5vZK1bslJCtjSaxbNS99febpZkZqgwgAmXOOrMYmA==
  dependencies:
    "@antv/f2" "^3.3.3"
    wolfy87-eventemitter "^5.2.4"

"@babel/runtime@^7.7.7":
  version "7.16.7"
  resolved "https://registry.yarnpkg.com/@babel/runtime/-/runtime-7.16.7.tgz#03ff99f64106588c9c403c6ecb8c3bafbbdff1fa"
  integrity sha512-9E9FJowqAsytyOY6LG+1KuueckRL+aQW+mKvXRXnuFGyRAyepJPmEo9vgMfXUA6O9u3IeEdv9MAkppFcaQwogQ==
  dependencies:
    regenerator-runtime "^0.13.4"

"@types/hammerjs@^2.0.36":
  version "2.0.41"
  resolved "https://registry.yarnpkg.com/@types/hammerjs/-/hammerjs-2.0.41.tgz#f6ecf57d1b12d2befcce00e928a6a097c22980aa"
  integrity sha512-ewXv/ceBaJprikMcxCmWU1FKyMAQ2X7a9Gtmzw8fcg2kIePI1crERDM818W+XYrxqdBBOdlf2rm137bU+BltCA==

csstype@^3.0.8:
  version "3.0.10"
  resolved "https://registry.yarnpkg.com/csstype/-/csstype-3.0.10.tgz#2ad3a7bed70f35b965707c092e5f30b327c290e5"
  integrity sha512-2u44ZG2OcNUO9HDp/Jl8C07x6pU/eTR3ncV91SiK3dhG9TWvRVsCoJw14Ckx5DgWkzGA3waZWO3d7pgqpUI/XA==

fecha@~4.2.0:
  version "4.2.1"
  resolved "https://registry.yarnpkg.com/fecha/-/fecha-4.2.1.tgz#0a83ad8f86ef62a091e22bb5a039cd03d23eecce"
  integrity sha512-MMMQ0ludy/nBs1/o0zVOiKTpG7qMbonKUzjJgQFEuvq6INZ1OraKPRAWkBq5vlKLOUMpmNYG1JoN3oDPUQ9m3Q==

hammerjs@^2.0.8:
  version "2.0.8"
  resolved "https://registry.yarnpkg.com/hammerjs/-/hammerjs-2.0.8.tgz#04ef77862cff2bb79d30f7692095930222bf60f1"
  integrity sha1-BO93hiz/K7edMPdpIJWTAiK/YPE=

regenerator-runtime@^0.13.4:
  version "0.13.9"
  resolved "https://registry.yarnpkg.com/regenerator-runtime/-/regenerator-runtime-0.13.9.tgz#8925742a98ffd90814988d7566ad30ca3b263b52"
  integrity sha512-p3VT+cOEgxFsRRA9X4lkI1E+k2/CtnKtU4gcxyaCUreilL/vqI6CdZ3wxVUx3UOUg+gnUOQQcRI7BmSI656MYA==

tslib@^2.0.0, tslib@^2.0.3:
  version "2.3.1"
  resolved "https://registry.yarnpkg.com/tslib/-/tslib-2.3.1.tgz#e8a335add5ceae51aa261d32a490158ef042ef01"
  integrity sha512-77EbyPPpMz+FRFRuAFlWMtmgUWGe9UOG2Z25NqCwiIjRhOf5iKGuzSe5P2w1laq+FkRy4p+PCuVkJSGkzTEKVw==

type-fest@^0.15.1:
  version "0.15.1"
  resolved "https://registry.yarnpkg.com/type-fest/-/type-fest-0.15.1.tgz#d2c4e73d3e4a53cf1a906396dd460a1c5178ca00"
  integrity sha512-n+UXrN8i5ioo7kqT/nF8xsEzLaqFra7k32SEsSPwvXVGyAcRgV/FUQN/sgfptJTR1oRmmq7z4IXMFSM7im7C9A==

wolfy87-eventemitter@^5.2.4:
  version "5.2.9"
  resolved "https://registry.yarnpkg.com/wolfy87-eventemitter/-/wolfy87-eventemitter-5.2.9.tgz#e879f770b30fbb6512a8afbb330c388591099c2a"
  integrity sha512-P+6vtWyuDw+MB01X7UeF8TaHBvbCovf4HPEMF/SV7BdDc1SMTiBy13SRD71lQh4ExFTG1d/WNzDGDCyOKSMblw==
